{
  "version": 1,
  "dependencies": {
    "net10.0": {
      "Apache.Arrow": {
        "type": "Direct",
        "requested": "[23.0.0, 23.0.0]",
        "resolved": "23.0.0",
        "contentHash": "cU4Zm7byFwnb82Ea9ZRvVnq2nJNf/TF9j+rj/MHlvu9RBYMqYtu4sJaR1JmMh3MmSIuwMafVg7PfJxPAMv9dGw==",
        "dependencies": {
          "Apache.Arrow.Scalars": "23.0.0"
        }
      },
      "Microsoft.DotNet.ILCompiler": {
        "type": "Direct",
        "requested": "[10.0.11, )",
        "resolved": "10.0.11",
        "contentHash": "yloFUsIQOzspIsn2cDHrbgikKaWHAZspzj0EWxnWJJpFC89IBW64OXgCECsrrnzGWQvy1iLX9r5/R4zBf7Am3g=="
      },
      "Microsoft.NET.ILLink.Tasks": {
        "type": "Direct",
        "requested": "[10.0.11, )",
        "resolved": "10.0.11",
        "contentHash": "IBf7lbovvjGWVWXZX5cJ/cO0WXbId0Zq4BuSeT94mGZuOAP66oMeH9PTBZ9Jpp3Jb6jtK0qm/NyUbPRo1gC/wQ=="
      },
      "Apache.Arrow.Scalars": {
        "type": "Transitive",
        "resolved": "23.0.0",
        "contentHash": "i53VmQ505ASXsStf7y29Z5qvhN6PGgFGNb6UUU7z1WmbzEgSjKQuIJkKKVbh+K5rtXRiKyr1Ah3Rmvbeb2BEHQ=="
      },
      "Eiva.Fletcher": {
        "type": "Project",
        "dependencies": {
          "Apache.Arrow": "[23.0.0, 23.0.0]",
          "Eiva.Fletcher.Interop": "[0.5.0-alpha, )"
        }
      },
      "Eiva.Fletcher.Interop": {
        "type": "Project"
      },
      "Eiva.Fletcher.Model": {
        "type": "Project",
        "dependencies": {
          "Apache.Arrow": "[23.0.0, 23.0.0]"
        }
      }
    },
    "net10.0/linux-x64": {
      "Microsoft.DotNet.ILCompiler": {
        "type": "Direct",
        "requested": "[10.0.11, )",
        "resolved": "10.0.11",
        "contentHash": "yloFUsIQOzspIsn2cDHrbgikKaWHAZspzj0EWxnWJJpFC89IBW64OXgCECsrrnzGWQvy1iLX9r5/R4zBf7Am3g==",
        "dependencies": {
          "runtime.linux-x64.Microsoft.DotNet.ILCompiler": "10.0.11"
        }
      },
      "runtime.linux-x64.Microsoft.DotNet.ILCompiler": {
        "type": "Transitive",
        "resolved": "10.0.11",
        "contentHash": "0lJviBev2CvBdrLhMCJ1hmwOKgjbk1ccRy+brEewywtK4TMft1WaVXv112j6OuTQg8ZMbnN/i3KRD3S6o4NJDw=="
      }
    },
    "net10.0/win-x64": {
      "Microsoft.DotNet.ILCompiler": {
        "type": "Direct",
        "requested": "[10.0.11, )",
        "resolved": "10.0.11",
        "contentHash": "yloFUsIQOzspIsn2cDHrbgikKaWHAZspzj0EWxnWJJpFC89IBW64OXgCECsrrnzGWQvy1iLX9r5/R4zBf7Am3g==",
        "dependencies": {
          "runtime.win-x64.Microsoft.DotNet.ILCompiler": "10.0.11"
        }
      },
      "runtime.win-x64.Microsoft.DotNet.ILCompiler": {
        "type": "Transitive",
        "resolved": "10.0.11",
        "contentHash": "D6ZKMo3NeTnos7l5S8bMmiPm4LK+y15Q/uduyPw7FX+xKbeWVWdwlcZGkLLPjLvW4ZO6o3ACanq5HsSXJgrt0g=="
      }
    },
    "net8.0": {
      "Apache.Arrow": {
        "type": "Direct",
        "requested": "[23.0.0, 23.0.0]",
        "resolved": "23.0.0",
        "contentHash": "cU4Zm7byFwnb82Ea9ZRvVnq2nJNf/TF9j+rj/MHlvu9RBYMqYtu4sJaR1JmMh3MmSIuwMafVg7PfJxPAMv9dGw==",
        "dependencies": {
          "Apache.Arrow.Scalars": "23.0.0"
        }
      },
      "Microsoft.DotNet.ILCompiler": {
        "type": "Direct",
        "requested": "[8.0.30, )",
        "resolved": "8.0.30",
        "contentHash": "7AgAFLRwWNxvsB+1+1BNLqaUEgDQTn5fYCf7XuSNTmQkUxw22iZD7G5QD5dSXszOLTnp7RnY322ZTMWag8N8wg=="
      },
      "Microsoft.NET.ILLink.Tasks": {
        "type": "Direct",
        "requested": "[8.0.30, )",
        "resolved": "8.0.30",
        "contentHash": "SfmwuZjUPBTEoBMAsXZ/hWkaEK9oL+Y/UtAx7N6RyWHfcMt9J0ExrNPuOgTyPbCXIyiTBFsxFNrPLEZNPmJcvA=="
      },
      "Apache.Arrow.Scalars": {
        "type": "Transitive",
        "resolved": "23.0.0",
        "contentHash": "i53VmQ505ASXsStf7y29Z5qvhN6PGgFGNb6UUU7z1WmbzEgSjKQuIJkKKVbh+K5rtXRiKyr1Ah3Rmvbeb2BEHQ=="
      },
      "Eiva.Fletcher": {
        "type": "Project",
        "dependencies": {
          "Apache.Arrow": "[23.0.0, 23.0.0]",
          "Eiva.Fletcher.Interop": "[0.5.0-alpha, )"
        }
      },
      "Eiva.Fletcher.Interop": {
        "type": "Project"
      },
      "Eiva.Fletcher.Model": {
        "type": "Project",
        "dependencies": {
          "Apache.Arrow": "[23.0.0, 23.0.0]"
        }
      }
    },
    "net8.0/linux-x64": {
      "Microsoft.DotNet.ILCompiler": {
        "type": "Direct",
        "requested": "[8.0.30, )",
        "resolved": "8.0.30",
        "contentHash": "7AgAFLRwWNxvsB+1+1BNLqaUEgDQTn5fYCf7XuSNTmQkUxw22iZD7G5QD5dSXszOLTnp7RnY322ZTMWag8N8wg==",
        "dependencies": {
          "runtime.linux-x64.Microsoft.DotNet.ILCompiler": "8.0.30"
        }
      },
      "runtime.linux-x64.Microsoft.DotNet.ILCompiler": {
        "type": "Transitive",
        "resolved": "8.0.30",
        "contentHash": "y6gUU0nxpDQNqtW8dF65eNNXV25tlQwm4fyf8IH8jt6fQRfOrIwEmu9Ec1MTmaPrnni6vWuVoUojfGKuPukhWg=="
      }
    },
    "net8.0/win-x64": {
      "Microsoft.DotNet.ILCompiler": {
        "type": "Direct",
        "requested": "[8.0.30, )",
        "resolved": "8.0.30",
        "contentHash": "7AgAFLRwWNxvsB+1+1BNLqaUEgDQTn5fYCf7XuSNTmQkUxw22iZD7G5QD5dSXszOLTnp7RnY322ZTMWag8N8wg==",
        "dependencies": {
          "runtime.win-x64.Microsoft.DotNet.ILCompiler": "8.0.30"
        }
      },
      "runtime.win-x64.Microsoft.DotNet.ILCompiler": {
        "type": "Transitive",
        "resolved": "8.0.30",
        "contentHash": "9d7HSpKEzxBXn7P8+GQCpZwGSN9eci3Vm8aSsICGJHTs2xEshIMSGskvtKDcxiXtPvYkY5JSJFweMLumeAfW5Q=="
      }
    }
  }
}