{
  "name": "protoc-gen-fletcher-npm-integration-test",
  "version": "0.0.0",
  "lockfileVersion": 3,
  "requires": true,
  "packages": {
    "": {
      "name": "protoc-gen-fletcher-npm-integration-test",
      "version": "0.0.0",
      "license": "LGPL-3.0-or-later",
      "devDependencies": {
        "@eiva/fletcher-gateway-client": "file:../../gateway-client-ts",
        "@eiva/protoc-gen-fletcher": "file:../../protoc/npm",
        "@protobuf-ts/protoc": "^2.9.5",
        "@types/node": "^22",
        "typescript": "^5.4.0"
      }
    },
    "../../gateway-client-ts": {
      "name": "@eiva/fletcher-gateway-client",
      "version": "0.3.0-alpha",
      "dev": true,
      "license": "LGPL-3.0-or-later",
      "devDependencies": {
        "typescript": "^5.5.0",
        "vitest": "^2.0.0"
      }
    },
    "../../protoc/npm": {
      "name": "@eiva/protoc-gen-fletcher",
      "version": "0.3.0-alpha",
      "dev": true,
      "license": "LGPL-3.0-or-later",
      "bin": {
        "protoc-gen-fletcher": "bin/protoc-gen-fletcher.js"
      },
      "engines": {
        "node": ">=18"
      },
      "peerDependencies": {
        "@protobuf-ts/protoc": "^2.9.5"
      }
    },
    "node_modules/@eiva/fletcher-gateway-client": {
      "resolved": "../../gateway-client-ts",
      "link": true
    },
    "node_modules/@eiva/protoc-gen-fletcher": {
      "resolved": "../../protoc/npm",
      "link": true
    },
    "node_modules/@protobuf-ts/protoc": {
      "version": "2.11.1",
      "resolved": "https://registry.npmjs.org/@protobuf-ts/protoc/-/protoc-2.11.1.tgz",
      "integrity": "sha512-mUZJaV0daGO6HUX90o/atzQ6A7bbN2RSuHtdwo8SSF2Qoe3zHwa4IHyCN1evftTeHfLmdz+45qo47sL+5P8nyg==",
      "dev": true,
      "license": "Apache-2.0",
      "bin": {
        "protoc": "protoc.js"
      }
    },
    "node_modules/@types/node": {
      "version": "22.19.20",
      "resolved": "https://registry.npmjs.org/@types/node/-/node-22.19.20.tgz",
      "integrity": "sha512-6tELRwSDYWW9EdZhbeZmYGZ1/7Djkt+Ah3/ScEYT9cDord7UJzasR/4D3VONg9tQI5CDp+/CZC1AXj2pCFOvpw==",
      "dev": true,
      "license": "MIT",
      "dependencies": {
        "undici-types": "~6.21.0"
      }
    },
    "node_modules/typescript": {
      "version": "5.9.3",
      "resolved": "https://registry.npmjs.org/typescript/-/typescript-5.9.3.tgz",
      "integrity": "sha512-jl1vZzPDinLr9eUt3J/t7V6FgNEw9QjvBPdysz9KfQDD41fQrC2Y4vKQdiaUpFT4bXlb1RHhLpp8wtm6M5TgSw==",
      "dev": true,
      "license": "Apache-2.0",
      "bin": {
        "tsc": "bin/tsc",
        "tsserver": "bin/tsserver"
      },
      "engines": {
        "node": ">=14.17"
      }
    },
    "node_modules/undici-types": {
      "version": "6.21.0",
      "resolved": "https://registry.npmjs.org/undici-types/-/undici-types-6.21.0.tgz",
      "integrity": "sha512-iwDZqg0QAGrg9Rav5H4n0M64c3mkR59cJ6wQp+7C4nI0gsmExaedaYLNO44eT4AtBBwjbTiGPMlt2Md0T9H9JQ==",
      "dev": true,
      "license": "MIT"
    }
  }
}
